
Microsoft Visual Studio Solution File, Format Version 12.00
# Visual Studio 14
VisualStudioVersion = 14.0.25420.1
MinimumVisualStudioVersion = 10.0.40219.1
Project("{FAE04EC0-301F-11D3-BF4B-00C04F79EFBC}") = "MongoDB.Tourist.web", "MongoDB.Tourist.web\MongoDB.Tourist.web.csproj", "{9288729C-D474-45DE-B0DD-9E85AF1317F8}"
EndProject
Project("{FAE04EC0-301F-11D3-BF4B-00C04F79EFBC}") = "MongoDB.Tourist.Instructure", "MongoDB.Tourist.Instructure\MongoDB.Tourist.Instructure.csproj", "{D51E079C-12EE-4065-88C7-77BEF0D663DE}"
EndProject
Global
	GlobalSection(SolutionConfigurationPlatforms) = preSolution
		Debug|Any CPU = Debug|Any CPU
		Release|Any CPU = Release|Any CPU
	EndGlobalSection
	GlobalSection(ProjectConfigurationPlatforms) = postSolution
		{9288729C-D474-45DE-B0DD-9E85AF1317F8}.Debug|Any CPU.ActiveCfg = Debug|Any CPU
		{9288729C-D474-45DE-B0DD-9E85AF1317F8}.Debug|Any CPU.Build.0 = Debug|Any CPU
		{9288729C-D474-45DE-B0DD-9E85AF1317F8}.Release|Any CPU.ActiveCfg = Release|Any CPU
		{9288729C-D474-45DE-B0DD-9E85AF1317F8}.Release|Any CPU.Build.0 = Release|Any CPU
		{D51E079C-12EE-4065-88C7-77BEF0D663DE}.Debug|Any CPU.ActiveCfg = Debug|Any CPU
		{D51E079C-12EE-4065-88C7-77BEF0D663DE}.Debug|Any CPU.Build.0 = Debug|Any CPU
		{D51E079C-12EE-4065-88C7-77BEF0D663DE}.Release|Any CPU.ActiveCfg = Release|Any CPU
		{D51E079C-12EE-4065-88C7-77BEF0D663DE}.Release|Any CPU.Build.0 = Release|Any CPU
	EndGlobalSection
	GlobalSection(SolutionProperties) = preSolution
		HideSolutionNode = FALSE
	EndGlobalSection
EndGlobal
